
Microsoft Visual Studio Solution File, Format Version 12.00
# Visual Studio 2012
Project("{2150E333-8FDC-42A3-9474-1A3956D46DE8}") = "Solution Items", "Solution Items", "{24334A57-99F1-4C78-9DB6-1B4C7A8332C9}"
	ProjectSection(SolutionItems) = preProject
		ReadMe.txt = ReadMe.txt
	EndProjectSection
EndProject
Project("{FAE04EC0-301F-11D3-BF4B-00C04F79EFBC}") = "Abraxas.Scheduler.Core", "src\Abraxas.Scheduler.Core\Abraxas.Scheduler.Core.csproj", "{EF41ECF7-9683-4FDC-B205-4CEBA3FC7098}"
EndProject
Project("{FAE04EC0-301F-11D3-BF4B-00C04F79EFBC}") = "Abraxas.Scheduler.TestService", "src\Abraxas.Scheduler.TestService\Abraxas.Scheduler.TestService.csproj", "{A54240E8-53A8-428D-B928-718A70FA6AAD}"
EndProject
Project("{FAE04EC0-301F-11D3-BF4B-00C04F79EFBC}") = "Abraxas.Scheduler.Jobs", "src\Abraxas.Scheduler.Jobs\Abraxas.Scheduler.Jobs.csproj", "{1D767F94-7977-4161-91F7-FA68781092B0}"
EndProject
Global
	GlobalSection(SolutionConfigurationPlatforms) = preSolution
		Debug|Any CPU = Debug|Any CPU
		Release|Any CPU = Release|Any CPU
	EndGlobalSection
	GlobalSection(ProjectConfigurationPlatforms) = postSolution
		{EF41ECF7-9683-4FDC-B205-4CEBA3FC7098}.Debug|Any CPU.ActiveCfg = Debug|Any CPU
		{EF41ECF7-9683-4FDC-B205-4CEBA3FC7098}.Debug|Any CPU.Build.0 = Debug|Any CPU
		{EF41ECF7-9683-4FDC-B205-4CEBA3FC7098}.Release|Any CPU.ActiveCfg = Release|Any CPU
		{EF41ECF7-9683-4FDC-B205-4CEBA3FC7098}.Release|Any CPU.Build.0 = Release|Any CPU
		{A54240E8-53A8-428D-B928-718A70FA6AAD}.Debug|Any CPU.ActiveCfg = Debug|Any CPU
		{A54240E8-53A8-428D-B928-718A70FA6AAD}.Debug|Any CPU.Build.0 = Debug|Any CPU
		{A54240E8-53A8-428D-B928-718A70FA6AAD}.Release|Any CPU.ActiveCfg = Release|Any CPU
		{A54240E8-53A8-428D-B928-718A70FA6AAD}.Release|Any CPU.Build.0 = Release|Any CPU
		{1D767F94-7977-4161-91F7-FA68781092B0}.Debug|Any CPU.ActiveCfg = Debug|Any CPU
		{1D767F94-7977-4161-91F7-FA68781092B0}.Debug|Any CPU.Build.0 = Debug|Any CPU
		{1D767F94-7977-4161-91F7-FA68781092B0}.Release|Any CPU.ActiveCfg = Release|Any CPU
		{1D767F94-7977-4161-91F7-FA68781092B0}.Release|Any CPU.Build.0 = Release|Any CPU
	EndGlobalSection
	GlobalSection(SolutionProperties) = preSolution
		HideSolutionNode = FALSE
	EndGlobalSection
EndGlobal
